
Microsoft Visual Studio Solution File, Format Version 12.00
# Visual Studio Version 17
VisualStudioVersion = 17.3.32901.215
MinimumVisualStudioVersion = 10.0.40219.1
Project("{FAE04EC0-301F-11D3-BF4B-00C04F79EFBC}") = "for-3-2guncelleme", "for-3-2guncelleme\for-3-2guncelleme.csproj", "{52FA1D31-44D3-4FF2-AE4C-D70410940DE8}"
EndProject
Global
	GlobalSection(SolutionConfigurationPlatforms) = preSolution
		Debug|Any CPU = Debug|Any CPU
		Release|Any CPU = Release|Any CPU
	EndGlobalSection
	GlobalSection(ProjectConfigurationPlatforms) = postSolution
		{52FA1D31-44D3-4FF2-AE4C-D70410940DE8}.Debug|Any CPU.ActiveCfg = Debug|Any CPU
		{52FA1D31-44D3-4FF2-AE4C-D70410940DE8}.Debug|Any CPU.Build.0 = Debug|Any CPU
		{52FA1D31-44D3-4FF2-AE4C-D70410940DE8}.Release|Any CPU.ActiveCfg = Release|Any CPU
		{52FA1D31-44D3-4FF2-AE4C-D70410940DE8}.Release|Any CPU.Build.0 = Release|Any CPU
	EndGlobalSection
	GlobalSection(SolutionProperties) = preSolution
		HideSolutionNode = FALSE
	EndGlobalSection
	GlobalSection(ExtensibilityGlobals) = postSolution
		SolutionGuid = {AA17DE33-91DE-49F4-8BBC-E344252D7110}
	EndGlobalSection
EndGlobal
